
Microsoft Visual Studio Solution File, Format Version 12.00
# Visual Studio Version 16
VisualStudioVersion = 16.0.30002.166
MinimumVisualStudioVersion = 10.0.40219.1
Project("{FAE04EC0-301F-11D3-BF4B-00C04F79EFBC}") = "PM2HAHA", "PM2HAHA\PM2HAHA.csproj", "{15FD039B-3450-46F1-BC40-9ADE9D2E2611}"
EndProject
Global
	GlobalSection(SolutionConfigurationPlatforms) = preSolution
		Debug|Any CPU = Debug|Any CPU
		Release|Any CPU = Release|Any CPU
	EndGlobalSection
	GlobalSection(ProjectConfigurationPlatforms) = postSolution
		{15FD039B-3450-46F1-BC40-9ADE9D2E2611}.Debug|Any CPU.ActiveCfg = Debug|Any CPU
		{15FD039B-3450-46F1-BC40-9ADE9D2E2611}.Debug|Any CPU.Build.0 = Debug|Any CPU
		{15FD039B-3450-46F1-BC40-9ADE9D2E2611}.Release|Any CPU.ActiveCfg = Release|Any CPU
		{15FD039B-3450-46F1-BC40-9ADE9D2E2611}.Release|Any CPU.Build.0 = Release|Any CPU
	EndGlobalSection
	GlobalSection(SolutionProperties) = preSolution
		HideSolutionNode = FALSE
	EndGlobalSection
	GlobalSection(ExtensibilityGlobals) = postSolution
		SolutionGuid = {3FE1AC35-D72A-4EC5-9A77-AF85CA13C125}
	EndGlobalSection
EndGlobal
